// !$*UTF8*$!
{
	archiveVersion = 1;
	classes = {
	};
	objectVersion = 52;
	objects = {

/* Begin PBXBuildFile section */
		562A9F5E1DDC6FF600ABC3AD /* Timer.swift in Sources */ = {isa = PBXBuildFile; fileRef = 562A9F5D1DDC6FF600ABC3AD /* Timer.swift */; };
		562C58E61E2049E200CD000D /* TrainJourneySettingsViewController.swift in Sources */ = {isa = PBXBuildFile; fileRef = 562C58E51E2049E200CD000D /* TrainJourneySettingsViewController.swift */; };
		563FC6101DE0FB3A00394E4A /* UserSettings.swift in Sources */ = {isa = PBXBuildFile; fileRef = 563FC60F1DE0FB3A00394E4A /* UserSettings.swift */; };
		5646567B22A7D7D600AC5A97 /* Persistance.framework in CopyFiles */ = {isa = PBXBuildFile; fileRef = 5646566122A7CAD400AC5A97 /* Persistance.framework */; settings = {ATTRIBUTES = (CodeSignOnCopy, RemoveHeadersOnCopy, ); }; };
		5646567C22A7D7DA00AC5A97 /* Persistance.framework in Frameworks */ = {isa = PBXBuildFile; fileRef = 5646566122A7CAD400AC5A97 /* Persistance.framework */; };
		5646567D22A7D7E300AC5A97 /* Realm.framework in Frameworks */ = {isa = PBXBuildFile; fileRef = 566CBAB222A7C6F0001E2847 /* Realm.framework */; };
		5646567E22A7D7E300AC5A97 /* Realm.framework in CopyFiles */ = {isa = PBXBuildFile; fileRef = 566CBAB222A7C6F0001E2847 /* Realm.framework */; settings = {ATTRIBUTES = (CodeSignOnCopy, RemoveHeadersOnCopy, ); }; };
		5646567F22A7D7E500AC5A97 /* RealmSwift.framework in Frameworks */ = {isa = PBXBuildFile; fileRef = 566CBAB422A7C7DF001E2847 /* RealmSwift.framework */; };
		5646568022A7D7E500AC5A97 /* RealmSwift.framework in CopyFiles */ = {isa = PBXBuildFile; fileRef = 566CBAB422A7C7DF001E2847 /* RealmSwift.framework */; settings = {ATTRIBUTES = (CodeSignOnCopy, RemoveHeadersOnCopy, ); }; };
		56647FC81DDE5E58004C4CE4 /* Main~iPhone.storyboard in Resources */ = {isa = PBXBuildFile; fileRef = 56647FAB1DDE54A7004C4CE4 /* Main~iPhone.storyboard */; };
		566CBAAA22A7BE20001E2847 /* ForecastIO.framework in Frameworks */ = {isa = PBXBuildFile; fileRef = 566CBAA922A7BE20001E2847 /* ForecastIO.framework */; };
		566CBAAD22A7BEA4001E2847 /* Alamofire in Frameworks */ = {isa = PBXBuildFile; productRef = 566CBAAC22A7BEA4001E2847 /* Alamofire */; };
		566CBAB122A7C4CA001E2847 /* ForecastIO.framework in CopyFiles */ = {isa = PBXBuildFile; fileRef = 566CBAA922A7BE20001E2847 /* ForecastIO.framework */; settings = {ATTRIBUTES = (CodeSignOnCopy, RemoveHeadersOnCopy, ); }; };
		568D6FF11E21187500E81E47 /* WeatherSettingsViewController.swift in Sources */ = {isa = PBXBuildFile; fileRef = 568D6FF01E21187500E81E47 /* WeatherSettingsViewController.swift */; };
		56A1AD1B1DDC54840014047B /* AppDelegate.swift in Sources */ = {isa = PBXBuildFile; fileRef = 56A1AD1A1DDC54840014047B /* AppDelegate.swift */; };
		56A1AD1D1DDC54840014047B /* RootViewController.swift in Sources */ = {isa = PBXBuildFile; fileRef = 56A1AD1C1DDC54840014047B /* RootViewController.swift */; };
		56A1AD201DDC54840014047B /* Main~iPad.storyboard in Resources */ = {isa = PBXBuildFile; fileRef = 56A1AD1E1DDC54840014047B /* Main~iPad.storyboard */; };
		56A1AD221DDC54840014047B /* Assets.xcassets in Resources */ = {isa = PBXBuildFile; fileRef = 56A1AD211DDC54840014047B /* Assets.xcassets */; };
		56A1AD251DDC54840014047B /* LaunchScreen.storyboard in Resources */ = {isa = PBXBuildFile; fileRef = 56A1AD231DDC54840014047B /* LaunchScreen.storyboard */; };
		56BB04661DDC68DF00C274A9 /* Skycons.swift in Sources */ = {isa = PBXBuildFile; fileRef = 56BB04651DDC68DF00C274A9 /* Skycons.swift */; };
		56BD70451DDC7E6F00CA142D /* WeatherCell.swift in Sources */ = {isa = PBXBuildFile; fileRef = 56BD70441DDC7E6F00CA142D /* WeatherCell.swift */; };
		56BD70481DDCA20400CA142D /* TrainInteractor.swift in Sources */ = {isa = PBXBuildFile; fileRef = 56BD70471DDCA20400CA142D /* TrainInteractor.swift */; };
		56BD704A1DDCA37C00CA142D /* TrainServicesExtension.swift in Sources */ = {isa = PBXBuildFile; fileRef = 56BD70491DDCA37C00CA142D /* TrainServicesExtension.swift */; };
		56BD704C1DDCAFB800CA142D /* Config.swift in Sources */ = {isa = PBXBuildFile; fileRef = 56BD704B1DDCAFB800CA142D /* Config.swift */; };
		56BD704E1DDCBAC200CA142D /* TrainCell.swift in Sources */ = {isa = PBXBuildFile; fileRef = 56BD704D1DDCBAC200CA142D /* TrainCell.swift */; };
		56C2E17E1E0172B20073AC82 /* HomeKit.framework in Frameworks */ = {isa = PBXBuildFile; fileRef = 56C2E17D1E0172B20073AC82 /* HomeKit.framework */; };
		56CEC53E22A95BC500D9AFC2 /* TFLURLBuilder.swift in Sources */ = {isa = PBXBuildFile; fileRef = 56CEC53D22A95BC500D9AFC2 /* TFLURLBuilder.swift */; };
		56CEC54022A95FB300D9AFC2 /* TFLApiModels in Frameworks */ = {isa = PBXBuildFile; productRef = 56CEC53F22A95FB300D9AFC2 /* TFLApiModels */; };
		56CEC54622A96C1200D9AFC2 /* TubeLine.swift in Sources */ = {isa = PBXBuildFile; fileRef = 56CEC54522A96C1200D9AFC2 /* TubeLine.swift */; };
		56CEC54822A98A3900D9AFC2 /* TFLCacher.swift in Sources */ = {isa = PBXBuildFile; fileRef = 56CEC54722A98A3900D9AFC2 /* TFLCacher.swift */; };
		56CEC55422A998E700D9AFC2 /* TFLViewController.swift in Sources */ = {isa = PBXBuildFile; fileRef = 56CEC55322A998E700D9AFC2 /* TFLViewController.swift */; };
		56CEC55622A998F100D9AFC2 /* TFL.xcassets in Resources */ = {isa = PBXBuildFile; fileRef = 56CEC55522A998F100D9AFC2 /* TFL.xcassets */; };
		56CEC55822A99C1400D9AFC2 /* LineExtension.swift in Sources */ = {isa = PBXBuildFile; fileRef = 56CEC55722A99C1400D9AFC2 /* LineExtension.swift */; };
		56D83BF222A8FB65004A0A21 /* HuxleyURLBuilder.swift in Sources */ = {isa = PBXBuildFile; fileRef = 56D83BF122A8FB65004A0A21 /* HuxleyURLBuilder.swift */; };
		56D83BF422A8FEA3004A0A21 /* NationalRail.swift in Sources */ = {isa = PBXBuildFile; fileRef = 56D83BF322A8FEA3004A0A21 /* NationalRail.swift */; };
		56D83BFA22A920A6004A0A21 /* NationalRailViewController.swift in Sources */ = {isa = PBXBuildFile; fileRef = 56D83BF922A920A6004A0A21 /* NationalRailViewController.swift */; };
		56D83BFD22A925E3004A0A21 /* Settings.storyboard in Resources */ = {isa = PBXBuildFile; fileRef = 56D83BFC22A925E3004A0A21 /* Settings.storyboard */; };
		56D83C0022A93055004A0A21 /* TFL.swift in Sources */ = {isa = PBXBuildFile; fileRef = 56D83BFF22A93055004A0A21 /* TFL.swift */; };
		56D83C0222A93066004A0A21 /* TFLInteractor.swift in Sources */ = {isa = PBXBuildFile; fileRef = 56D83C0122A93066004A0A21 /* TFLInteractor.swift */; };
		56E96C0922BA4CB200511AC6 /* TFLCellNormal.swift in Sources */ = {isa = PBXBuildFile; fileRef = 56E96C0822BA4CB200511AC6 /* TFLCellNormal.swift */; };
		56F436851DE1AEE600521991 /* StationChooserViewController.swift in Sources */ = {isa = PBXBuildFile; fileRef = 56F436841DE1AEE600521991 /* StationChooserViewController.swift */; };
		56F436871DE1AF9D00521991 /* AppData.swift in Sources */ = {isa = PBXBuildFile; fileRef = 56F436861DE1AF9D00521991 /* AppData.swift */; };
		56F4D6AA1E0D66660056BCC4 /* LightCell.swift in Sources */ = {isa = PBXBuildFile; fileRef = 56F4D6A91E0D66660056BCC4 /* LightCell.swift */; };
		56F4D6AC1E0D8EDA0056BCC4 /* WeatherViewController.swift in Sources */ = {isa = PBXBuildFile; fileRef = 56F4D6AB1E0D8EDA0056BCC4 /* WeatherViewController.swift */; };
		56F4D6AE1E0D9A250056BCC4 /* LightView.swift in Sources */ = {isa = PBXBuildFile; fileRef = 56F4D6AD1E0D9A250056BCC4 /* LightView.swift */; };
		56F4D6B21E0EB9A30056BCC4 /* UIView.swift in Sources */ = {isa = PBXBuildFile; fileRef = 56F4D6B11E0EB9A30056BCC4 /* UIView.swift */; };
		56F4D6B41E0ECE980056BCC4 /* CityChooserViewController.swift in Sources */ = {isa = PBXBuildFile; fileRef = 56F4D6B31E0ECE980056BCC4 /* CityChooserViewController.swift */; };
		56F4D6B61E0EDC050056BCC4 /* City.swift in Sources */ = {isa = PBXBuildFile; fileRef = 56F4D6B51E0EDC050056BCC4 /* City.swift */; };
		56F9838222BD1F280063F79F /* UKNationalRailSettings.storyboard in Resources */ = {isa = PBXBuildFile; fileRef = 56F9838122BD1F280063F79F /* UKNationalRailSettings.storyboard */; };
		56F9838422BD1F740063F79F /* UKSettings.storyboard in Resources */ = {isa = PBXBuildFile; fileRef = 56F9838322BD1F740063F79F /* UKSettings.storyboard */; };
		56F9838522BD2B480063F79F /* SettingsViewController.swift in Sources */ = {isa = PBXBuildFile; fileRef = 563FC6111DE108AA00394E4A /* SettingsViewController.swift */; };
		56FAE2561DDDE4C80015880C /* config.plist in Resources */ = {isa = PBXBuildFile; fileRef = 56FAE2551DDDE4C80015880C /* config.plist */; };
		56FB54B822A681120023964C /* HuxleySwift in Frameworks */ = {isa = PBXBuildFile; productRef = 56FB54B722A681120023964C /* HuxleySwift */; };
/* End PBXBuildFile section */

/* Begin PBXContainerItemProxy section */
		5646566022A7CAD400AC5A97 /* PBXContainerItemProxy */ = {
			isa = PBXContainerItemProxy;
			containerPortal = 5646565C22A7CAD300AC5A97 /* Persistance.xcodeproj */;
			proxyType = 2;
			remoteGlobalIDString = 5646565122A7CAD300AC5A97;
			remoteInfo = Persistance;
		};
		5646568322A7DABB00AC5A97 /* PBXContainerItemProxy */ = {
			isa = PBXContainerItemProxy;
			containerPortal = 5646565C22A7CAD300AC5A97 /* Persistance.xcodeproj */;
			proxyType = 1;
			remoteGlobalIDString = 5646565022A7CAD300AC5A97;
			remoteInfo = Persistance;
		};
/* End PBXContainerItemProxy section */

/* Begin PBXCopyFilesBuildPhase section */
		56BB04611DDC5A1100C274A9 /* CopyFiles */ = {
			isa = PBXCopyFilesBuildPhase;
			buildActionMask = 2147483647;
			dstPath = "";
			dstSubfolderSpec = 10;
			files = (
				5646567E22A7D7E300AC5A97 /* Realm.framework in CopyFiles */,
				5646567B22A7D7D600AC5A97 /* Persistance.framework in CopyFiles */,
				5646568022A7D7E500AC5A97 /* RealmSwift.framework in CopyFiles */,
				566CBAB122A7C4CA001E2847 /* ForecastIO.framework in CopyFiles */,
			);
			runOnlyForDeploymentPostprocessing = 0;
		};
/* End PBXCopyFilesBuildPhase section */

/* Begin PBXFileReference section */
		562A9F5D1DDC6FF600ABC3AD /* Timer.swift */ = {isa = PBXFileReference; fileEncoding = 4; lastKnownFileType = sourcecode.swift; path = Timer.swift; sourceTree = "<group>"; };
		562C58E51E2049E200CD000D /* TrainJourneySettingsViewController.swift */ = {isa = PBXFileReference; fileEncoding = 4; lastKnownFileType = sourcecode.swift; path = TrainJourneySettingsViewController.swift; sourceTree = "<group>"; };
		563FC60F1DE0FB3A00394E4A /* UserSettings.swift */ = {isa = PBXFileReference; fileEncoding = 4; lastKnownFileType = sourcecode.swift; path = UserSettings.swift; sourceTree = "<group>"; };
		563FC6111DE108AA00394E4A /* SettingsViewController.swift */ = {isa = PBXFileReference; fileEncoding = 4; lastKnownFileType = sourcecode.swift; path = SettingsViewController.swift; sourceTree = "<group>"; };
		5646565C22A7CAD300AC5A97 /* Persistance.xcodeproj */ = {isa = PBXFileReference; lastKnownFileType = "wrapper.pb-project"; name = Persistance.xcodeproj; path = Persistance/Persistance.xcodeproj; sourceTree = "<group>"; };
		56647FAC1DDE54A7004C4CE4 /* Base */ = {isa = PBXFileReference; lastKnownFileType = file.storyboard; name = Base; path = "Base.lproj/Main~iPhone.storyboard"; sourceTree = "<group>"; };
		566CBAA922A7BE20001E2847 /* ForecastIO.framework */ = {isa = PBXFileReference; lastKnownFileType = wrapper.framework; name = ForecastIO.framework; path = Carthage/Build/iOS/ForecastIO.framework; sourceTree = "<group>"; };
		566CBAB222A7C6F0001E2847 /* Realm.framework */ = {isa = PBXFileReference; lastKnownFileType = wrapper.framework; name = Realm.framework; path = Carthage/Build/iOS/Realm.framework; sourceTree = "<group>"; };
		566CBAB422A7C7DF001E2847 /* RealmSwift.framework */ = {isa = PBXFileReference; lastKnownFileType = wrapper.framework; name = RealmSwift.framework; path = Carthage/Build/iOS/RealmSwift.framework; sourceTree = "<group>"; };
		568D6FF01E21187500E81E47 /* WeatherSettingsViewController.swift */ = {isa = PBXFileReference; fileEncoding = 4; lastKnownFileType = sourcecode.swift; path = WeatherSettingsViewController.swift; sourceTree = "<group>"; };
		56A1AD171DDC54840014047B /* BOB.app */ = {isa = PBXFileReference; explicitFileType = wrapper.application; includeInIndex = 0; path = BOB.app; sourceTree = BUILT_PRODUCTS_DIR; };
		56A1AD1A1DDC54840014047B /* AppDelegate.swift */ = {isa = PBXFileReference; lastKnownFileType = sourcecode.swift; path = AppDelegate.swift; sourceTree = "<group>"; };
		56A1AD1C1DDC54840014047B /* RootViewController.swift */ = {isa = PBXFileReference; lastKnownFileType = sourcecode.swift; path = RootViewController.swift; sourceTree = "<group>"; };
		56A1AD1F1DDC54840014047B /* Base */ = {isa = PBXFileReference; lastKnownFileType = file.storyboard; name = Base; path = "Base.lproj/Main~iPad.storyboard"; sourceTree = "<group>"; };
		56A1AD211DDC54840014047B /* Assets.xcassets */ = {isa = PBXFileReference; lastKnownFileType = folder.assetcatalog; path = Assets.xcassets; sourceTree = "<group>"; };
		56A1AD241DDC54840014047B /* Base */ = {isa = PBXFileReference; lastKnownFileType = file.storyboard; name = Base; path = Base.lproj/LaunchScreen.storyboard; sourceTree = "<group>"; };
		56A1AD261DDC54840014047B /* Info.plist */ = {isa = PBXFileReference; lastKnownFileType = text.plist.xml; path = Info.plist; sourceTree = "<group>"; };
		56BB04651DDC68DF00C274A9 /* Skycons.swift */ = {isa = PBXFileReference; fileEncoding = 4; lastKnownFileType = sourcecode.swift; path = Skycons.swift; sourceTree = "<group>"; };
		56BD70441DDC7E6F00CA142D /* WeatherCell.swift */ = {isa = PBXFileReference; fileEncoding = 4; lastKnownFileType = sourcecode.swift; path = WeatherCell.swift; sourceTree = "<group>"; };
		56BD70471DDCA20400CA142D /* TrainInteractor.swift */ = {isa = PBXFileReference; fileEncoding = 4; lastKnownFileType = sourcecode.swift; path = TrainInteractor.swift; sourceTree = "<group>"; };
		56BD70491DDCA37C00CA142D /* TrainServicesExtension.swift */ = {isa = PBXFileReference; fileEncoding = 4; lastKnownFileType = sourcecode.swift; path = TrainServicesExtension.swift; sourceTree = "<group>"; };
		56BD704B1DDCAFB800CA142D /* Config.swift */ = {isa = PBXFileReference; fileEncoding = 4; lastKnownFileType = sourcecode.swift; path = Config.swift; sourceTree = "<group>"; };
		56BD704D1DDCBAC200CA142D /* TrainCell.swift */ = {isa = PBXFileReference; fileEncoding = 4; lastKnownFileType = sourcecode.swift; path = TrainCell.swift; sourceTree = "<group>"; };
		56C2E17B1E0172B20073AC82 /* BOB.entitlements */ = {isa = PBXFileReference; lastKnownFileType = text.plist.entitlements; path = BOB.entitlements; sourceTree = "<group>"; };
		56C2E17D1E0172B20073AC82 /* HomeKit.framework */ = {isa = PBXFileReference; lastKnownFileType = wrapper.framework; name = HomeKit.framework; path = System/Library/Frameworks/HomeKit.framework; sourceTree = SDKROOT; };
		56CEC53D22A95BC500D9AFC2 /* TFLURLBuilder.swift */ = {isa = PBXFileReference; lastKnownFileType = sourcecode.swift; path = TFLURLBuilder.swift; sourceTree = "<group>"; };
		56CEC54522A96C1200D9AFC2 /* TubeLine.swift */ = {isa = PBXFileReference; lastKnownFileType = sourcecode.swift; path = TubeLine.swift; sourceTree = "<group>"; };
		56CEC54722A98A3900D9AFC2 /* TFLCacher.swift */ = {isa = PBXFileReference; lastKnownFileType = sourcecode.swift; path = TFLCacher.swift; sourceTree = "<group>"; };
		56CEC55322A998E700D9AFC2 /* TFLViewController.swift */ = {isa = PBXFileReference; lastKnownFileType = sourcecode.swift; path = TFLViewController.swift; sourceTree = "<group>"; };
		56CEC55522A998F100D9AFC2 /* TFL.xcassets */ = {isa = PBXFileReference; lastKnownFileType = folder.assetcatalog; path = TFL.xcassets; sourceTree = "<group>"; };
		56CEC55722A99C1400D9AFC2 /* LineExtension.swift */ = {isa = PBXFileReference; lastKnownFileType = sourcecode.swift; path = LineExtension.swift; sourceTree = "<group>"; };
		56D83BF122A8FB65004A0A21 /* HuxleyURLBuilder.swift */ = {isa = PBXFileReference; lastKnownFileType = sourcecode.swift; path = HuxleyURLBuilder.swift; sourceTree = "<group>"; };
		56D83BF322A8FEA3004A0A21 /* NationalRail.swift */ = {isa = PBXFileReference; lastKnownFileType = sourcecode.swift; path = NationalRail.swift; sourceTree = "<group>"; };
		56D83BF922A920A6004A0A21 /* NationalRailViewController.swift */ = {isa = PBXFileReference; lastKnownFileType = sourcecode.swift; path = NationalRailViewController.swift; sourceTree = "<group>"; };
		56D83BFC22A925E3004A0A21 /* Settings.storyboard */ = {isa = PBXFileReference; lastKnownFileType = file.storyboard; path = Settings.storyboard; sourceTree = "<group>"; };
		56D83BFF22A93055004A0A21 /* TFL.swift */ = {isa = PBXFileReference; lastKnownFileType = sourcecode.swift; path = TFL.swift; sourceTree = "<group>"; };
		56D83C0122A93066004A0A21 /* TFLInteractor.swift */ = {isa = PBXFileReference; lastKnownFileType = sourcecode.swift; path = TFLInteractor.swift; sourceTree = "<group>"; };
		56E96C0822BA4CB200511AC6 /* TFLCellNormal.swift */ = {isa = PBXFileReference; lastKnownFileType = sourcecode.swift; path = TFLCellNormal.swift; sourceTree = "<group>"; };
		56F436841DE1AEE600521991 /* StationChooserViewController.swift */ = {isa = PBXFileReference; fileEncoding = 4; lastKnownFileType = sourcecode.swift; path = StationChooserViewController.swift; sourceTree = "<group>"; };
		56F436861DE1AF9D00521991 /* AppData.swift */ = {isa = PBXFileReference; fileEncoding = 4; lastKnownFileType = sourcecode.swift; path = AppData.swift; sourceTree = "<group>"; };
		56F4D6A91E0D66660056BCC4 /* LightCell.swift */ = {isa = PBXFileReference; fileEncoding = 4; lastKnownFileType = sourcecode.swift; path = LightCell.swift; sourceTree = "<group>"; };
		56F4D6AB1E0D8EDA0056BCC4 /* WeatherViewController.swift */ = {isa = PBXFileReference; fileEncoding = 4; lastKnownFileType = sourcecode.swift; path = WeatherViewController.swift; sourceTree = "<group>"; };
		56F4D6AD1E0D9A250056BCC4 /* LightView.swift */ = {isa = PBXFileReference; fileEncoding = 4; lastKnownFileType = sourcecode.swift; path = LightView.swift; sourceTree = "<group>"; };
		56F4D6B11E0EB9A30056BCC4 /* UIView.swift */ = {isa = PBXFileReference; fileEncoding = 4; lastKnownFileType = sourcecode.swift; path = UIView.swift; sourceTree = "<group>"; };
		56F4D6B31E0ECE980056BCC4 /* CityChooserViewController.swift */ = {isa = PBXFileReference; fileEncoding = 4; lastKnownFileType = sourcecode.swift; path = CityChooserViewController.swift; sourceTree = "<group>"; };
		56F4D6B51E0EDC050056BCC4 /* City.swift */ = {isa = PBXFileReference; fileEncoding = 4; lastKnownFileType = sourcecode.swift; path = City.swift; sourceTree = "<group>"; };
		56F9838122BD1F280063F79F /* UKNationalRailSettings.storyboard */ = {isa = PBXFileReference; lastKnownFileType = file.storyboard; path = UKNationalRailSettings.storyboard; sourceTree = "<group>"; };
		56F9838322BD1F740063F79F /* UKSettings.storyboard */ = {isa = PBXFileReference; lastKnownFileType = file.storyboard; path = UKSettings.storyboard; sourceTree = "<group>"; };
		56FAE2551DDDE4C80015880C /* config.plist */ = {isa = PBXFileReference; fileEncoding = 4; lastKnownFileType = text.plist.xml; path = config.plist; sourceTree = "<group>"; };
/* End PBXFileReference section */

/* Begin PBXFrameworksBuildPhase section */
		56A1AD141DDC54830014047B /* Frameworks */ = {
			isa = PBXFrameworksBuildPhase;
			buildActionMask = 2147483647;
			files = (
				56CEC54022A95FB300D9AFC2 /* TFLApiModels in Frameworks */,
				56FB54B822A681120023964C /* HuxleySwift in Frameworks */,
				5646567C22A7D7DA00AC5A97 /* Persistance.framework in Frameworks */,
				566CBAAA22A7BE20001E2847 /* ForecastIO.framework in Frameworks */,
				5646567D22A7D7E300AC5A97 /* Realm.framework in Frameworks */,
				566CBAAD22A7BEA4001E2847 /* Alamofire in Frameworks */,
				5646567F22A7D7E500AC5A97 /* RealmSwift.framework in Frameworks */,
				56C2E17E1E0172B20073AC82 /* HomeKit.framework in Frameworks */,
			);
			runOnlyForDeploymentPostprocessing = 0;
		};
/* End PBXFrameworksBuildPhase section */

/* Begin PBXGroup section */
		5646565D22A7CAD300AC5A97 /* Products */ = {
			isa = PBXGroup;
			children = (
				5646566122A7CAD400AC5A97 /* Persistance.framework */,
			);
			name = Products;
			sourceTree = "<group>";
		};
		56A1AD0E1DDC54830014047B = {
			isa = PBXGroup;
			children = (
				5646565C22A7CAD300AC5A97 /* Persistance.xcodeproj */,
				56BB045C1DDC585800C274A9 /* External */,
				56A1AD191DDC54840014047B /* MKHome */,
				56A1AD181DDC54840014047B /* Products */,
				56C2E17C1E0172B20073AC82 /* Frameworks */,
			);
			sourceTree = "<group>";
		};
		56A1AD181DDC54840014047B /* Products */ = {
			isa = PBXGroup;
			children = (
				56A1AD171DDC54840014047B /* BOB.app */,
			);
			name = Products;
			sourceTree = "<group>";
		};
		56A1AD191DDC54840014047B /* MKHome */ = {
			isa = PBXGroup;
			children = (
				56F9838022BD1C730063F79F /* France */,
				56F9837F22BD1C6D0063F79F /* UK */,
				56D83BFB22A925CB004A0A21 /* Storyboards - iPad */,
				56D83BF522A9027F004A0A21 /* Extensions */,
				56C2E17B1E0172B20073AC82 /* BOB.entitlements */,
				56FAE2551DDDE4C80015880C /* config.plist */,
				56A1AD261DDC54840014047B /* Info.plist */,
				56A1AD1A1DDC54840014047B /* AppDelegate.swift */,
				56BD704B1DDCAFB800CA142D /* Config.swift */,
				56A1AD1C1DDC54840014047B /* RootViewController.swift */,
				56A1AD211DDC54840014047B /* Assets.xcassets */,
				56F4D6B01E0EB7A20056BCC4 /* HomeKit */,
				56A1AD231DDC54840014047B /* LaunchScreen.storyboard */,
				56647FAB1DDE54A7004C4CE4 /* Main~iPhone.storyboard */,
				56F436831DE1AE8700521991 /* Settings */,
				56F4D6AF1E0EB7930056BCC4 /* Weather */,
			);
			path = MKHome;
			sourceTree = "<group>";
		};
		56BB045C1DDC585800C274A9 /* External */ = {
			isa = PBXGroup;
			children = (
				566CBAB422A7C7DF001E2847 /* RealmSwift.framework */,
				566CBAB222A7C6F0001E2847 /* Realm.framework */,
				566CBAA922A7BE20001E2847 /* ForecastIO.framework */,
			);
			name = External;
			sourceTree = "<group>";
		};
		56BD70461DDCA1E500CA142D /* UK - National Rail */ = {
			isa = PBXGroup;
			children = (
				56F436861DE1AF9D00521991 /* AppData.swift */,
				56BD704D1DDCBAC200CA142D /* TrainCell.swift */,
				56BD70471DDCA20400CA142D /* TrainInteractor.swift */,
				56BD70491DDCA37C00CA142D /* TrainServicesExtension.swift */,
				56D83BF122A8FB65004A0A21 /* HuxleyURLBuilder.swift */,
				56D83BF322A8FEA3004A0A21 /* NationalRail.swift */,
				56D83BF922A920A6004A0A21 /* NationalRailViewController.swift */,
				56F9838122BD1F280063F79F /* UKNationalRailSettings.storyboard */,
			);
			path = "UK - National Rail";
			sourceTree = "<group>";
		};
		56C2E17C1E0172B20073AC82 /* Frameworks */ = {
			isa = PBXGroup;
			children = (
				56C2E17D1E0172B20073AC82 /* HomeKit.framework */,
			);
			name = Frameworks;
			sourceTree = "<group>";
		};
		56D83BF522A9027F004A0A21 /* Extensions */ = {
			isa = PBXGroup;
			children = (
				562A9F5D1DDC6FF600ABC3AD /* Timer.swift */,
				56F4D6B11E0EB9A30056BCC4 /* UIView.swift */,
			);
			path = Extensions;
			sourceTree = "<group>";
		};
		56D83BFB22A925CB004A0A21 /* Storyboards - iPad */ = {
			isa = PBXGroup;
			children = (
				56A1AD1E1DDC54840014047B /* Main~iPad.storyboard */,
				56D83BFC22A925E3004A0A21 /* Settings.storyboard */,
			);
			path = "Storyboards - iPad";
			sourceTree = "<group>";
		};
		56D83BFE22A9303B004A0A21 /* UK - TFL */ = {
			isa = PBXGroup;
			children = (
				56D83BFF22A93055004A0A21 /* TFL.swift */,
				56D83C0122A93066004A0A21 /* TFLInteractor.swift */,
				56CEC53D22A95BC500D9AFC2 /* TFLURLBuilder.swift */,
				56CEC54522A96C1200D9AFC2 /* TubeLine.swift */,
				56CEC54722A98A3900D9AFC2 /* TFLCacher.swift */,
				56CEC55322A998E700D9AFC2 /* TFLViewController.swift */,
				56CEC55522A998F100D9AFC2 /* TFL.xcassets */,
				56CEC55722A99C1400D9AFC2 /* LineExtension.swift */,
				56E96C0822BA4CB200511AC6 /* TFLCellNormal.swift */,
			);
			path = "UK - TFL";
			sourceTree = "<group>";
		};
		56F436831DE1AE8700521991 /* Settings */ = {
			isa = PBXGroup;
			children = (
				563FC60F1DE0FB3A00394E4A /* UserSettings.swift */,
				563FC6111DE108AA00394E4A /* SettingsViewController.swift */,
				56F436841DE1AEE600521991 /* StationChooserViewController.swift */,
				56F4D6B31E0ECE980056BCC4 /* CityChooserViewController.swift */,
				562C58E51E2049E200CD000D /* TrainJourneySettingsViewController.swift */,
				568D6FF01E21187500E81E47 /* WeatherSettingsViewController.swift */,
			);
			path = Settings;
			sourceTree = "<group>";
		};
		56F4D6AF1E0EB7930056BCC4 /* Weather */ = {
			isa = PBXGroup;
			children = (
				56BB04651DDC68DF00C274A9 /* Skycons.swift */,
				56BD70441DDC7E6F00CA142D /* WeatherCell.swift */,
				56F4D6AB1E0D8EDA0056BCC4 /* WeatherViewController.swift */,
				56F4D6B51E0EDC050056BCC4 /* City.swift */,
			);
			path = Weather;
			sourceTree = "<group>";
		};
		56F4D6B01E0EB7A20056BCC4 /* HomeKit */ = {
			isa = PBXGroup;
			children = (
				56F4D6A91E0D66660056BCC4 /* LightCell.swift */,
				56F4D6AD1E0D9A250056BCC4 /* LightView.swift */,
			);
			path = HomeKit;
			sourceTree = "<group>";
		};
		56F9837F22BD1C6D0063F79F /* UK */ = {
			isa = PBXGroup;
			children = (
				56F9838322BD1F740063F79F /* UKSettings.storyboard */,
				56D83BFE22A9303B004A0A21 /* UK - TFL */,
				56BD70461DDCA1E500CA142D /* UK - National Rail */,
			);
			path = UK;
			sourceTree = "<group>";
		};
		56F9838022BD1C730063F79F /* France */ = {
			isa = PBXGroup;
			children = (
			);
			path = France;
			sourceTree = "<group>";
		};
/* End PBXGroup section */

/* Begin PBXNativeTarget section */
		56A1AD161DDC54830014047B /* MKHome */ = {
			isa = PBXNativeTarget;
			buildConfigurationList = 56A1AD291DDC54840014047B /* Build configuration list for PBXNativeTarget "MKHome" */;
			buildPhases = (
				56A1AD131DDC54830014047B /* Sources */,
				56A1AD141DDC54830014047B /* Frameworks */,
				56A1AD151DDC54830014047B /* Resources */,
				56BB04611DDC5A1100C274A9 /* CopyFiles */,
			);
			buildRules = (
			);
			dependencies = (
				5646568422A7DABB00AC5A97 /* PBXTargetDependency */,
			);
			name = MKHome;
			packageProductDependencies = (
				56FB54B722A681120023964C /* HuxleySwift */,
				566CBAAC22A7BEA4001E2847 /* Alamofire */,
				56CEC53F22A95FB300D9AFC2 /* TFLApiModels */,
			);
			productName = MKHome;
			productReference = 56A1AD171DDC54840014047B /* BOB.app */;
			productType = "com.apple.product-type.application";
		};
/* End PBXNativeTarget section */

/* Begin PBXProject section */
		56A1AD0F1DDC54830014047B /* Project object */ = {
			isa = PBXProject;
			attributes = {
				LastSwiftUpdateCheck = 0810;
				LastUpgradeCheck = 1100;
				ORGANIZATIONNAME = charles;
				TargetAttributes = {
					56A1AD161DDC54830014047B = {
						CreatedOnToolsVersion = 8.1;
						ProvisioningStyle = Automatic;
						SystemCapabilities = {
							com.apple.HomeKit = {
								enabled = 1;
							};
							com.apple.WAC = {
								enabled = 0;
							};
						};
					};
				};
			};
			buildConfigurationList = 56A1AD121DDC54830014047B /* Build configuration list for PBXProject "MKHome" */;
			compatibilityVersion = "Xcode 3.2";
			developmentRegion = English;
			hasScannedForEncodings = 0;
			knownRegions = (
				English,
				en,
				Base,
			);
			mainGroup = 56A1AD0E1DDC54830014047B;
			packageReferences = (
				56FB54B622A681120023964C /* XCRemoteSwiftPackageReference "HuxleySwift" */,
				566CBAAB22A7BEA4001E2847 /* XCRemoteSwiftPackageReference "Alamofire" */,
				566CBAAE22A7C14A001E2847 /* XCRemoteSwiftPackageReference "TFLSwaggerSwiftAPI" */,
			);
			productRefGroup = 56A1AD181DDC54840014047B /* Products */;
			projectDirPath = "";
			projectReferences = (
				{
					ProductGroup = 5646565D22A7CAD300AC5A97 /* Products */;
					ProjectRef = 5646565C22A7CAD300AC5A97 /* Persistance.xcodeproj */;
				},
			);
			projectRoot = "";
			targets = (
				56A1AD161DDC54830014047B /* MKHome */,
			);
		};
/* End PBXProject section */

/* Begin PBXReferenceProxy section */
		5646566122A7CAD400AC5A97 /* Persistance.framework */ = {
			isa = PBXReferenceProxy;
			fileType = wrapper.framework;
			path = Persistance.framework;
			remoteRef = 5646566022A7CAD400AC5A97 /* PBXContainerItemProxy */;
			sourceTree = BUILT_PRODUCTS_DIR;
		};
/* End PBXReferenceProxy section */

/* Begin PBXResourcesBuildPhase section */
		56A1AD151DDC54830014047B /* Resources */ = {
			isa = PBXResourcesBuildPhase;
			buildActionMask = 2147483647;
			files = (
				56FAE2561DDDE4C80015880C /* config.plist in Resources */,
				56647FC81DDE5E58004C4CE4 /* Main~iPhone.storyboard in Resources */,
				56A1AD251DDC54840014047B /* LaunchScreen.storyboard in Resources */,
				56D83BFD22A925E3004A0A21 /* Settings.storyboard in Resources */,
				56CEC55622A998F100D9AFC2 /* TFL.xcassets in Resources */,
				56A1AD221DDC54840014047B /* Assets.xcassets in Resources */,
				56F9838422BD1F740063F79F /* UKSettings.storyboard in Resources */,
				56F9838222BD1F280063F79F /* UKNationalRailSettings.storyboard in Resources */,
				56A1AD201DDC54840014047B /* Main~iPad.storyboard in Resources */,
			);
			runOnlyForDeploymentPostprocessing = 0;
		};
/* End PBXResourcesBuildPhase section */

/* Begin PBXSourcesBuildPhase section */
		56A1AD131DDC54830014047B /* Sources */ = {
			isa = PBXSourcesBuildPhase;
			buildActionMask = 2147483647;
			files = (
				56BB04661DDC68DF00C274A9 /* Skycons.swift in Sources */,
				56F4D6AE1E0D9A250056BCC4 /* LightView.swift in Sources */,
				563FC6101DE0FB3A00394E4A /* UserSettings.swift in Sources */,
				56F4D6AA1E0D66660056BCC4 /* LightCell.swift in Sources */,
				56BD704A1DDCA37C00CA142D /* TrainServicesExtension.swift in Sources */,
				56CEC55822A99C1400D9AFC2 /* LineExtension.swift in Sources */,
				568D6FF11E21187500E81E47 /* WeatherSettingsViewController.swift in Sources */,
				56F9838522BD2B480063F79F /* SettingsViewController.swift in Sources */,
				56F4D6AC1E0D8EDA0056BCC4 /* WeatherViewController.swift in Sources */,
				56BD70451DDC7E6F00CA142D /* WeatherCell.swift in Sources */,
				56BD70481DDCA20400CA142D /* TrainInteractor.swift in Sources */,
				56F4D6B41E0ECE980056BCC4 /* CityChooserViewController.swift in Sources */,
				56A1AD1D1DDC54840014047B /* RootViewController.swift in Sources */,
				56CEC53E22A95BC500D9AFC2 /* TFLURLBuilder.swift in Sources */,
				56A1AD1B1DDC54840014047B /* AppDelegate.swift in Sources */,
				56BD704C1DDCAFB800CA142D /* Config.swift in Sources */,
				56D83C0022A93055004A0A21 /* TFL.swift in Sources */,
				56F4D6B21E0EB9A30056BCC4 /* UIView.swift in Sources */,
				56D83BF222A8FB65004A0A21 /* HuxleyURLBuilder.swift in Sources */,
				56CEC54622A96C1200D9AFC2 /* TubeLine.swift in Sources */,
				56CEC54822A98A3900D9AFC2 /* TFLCacher.swift in Sources */,
				56D83BFA22A920A6004A0A21 /* NationalRailViewController.swift in Sources */,
				56D83BF422A8FEA3004A0A21 /* NationalRail.swift in Sources */,
				56BD704E1DDCBAC200CA142D /* TrainCell.swift in Sources */,
				562C58E61E2049E200CD000D /* TrainJourneySettingsViewController.swift in Sources */,
				56D83C0222A93066004A0A21 /* TFLInteractor.swift in Sources */,
				562A9F5E1DDC6FF600ABC3AD /* Timer.swift in Sources */,
				56F436851DE1AEE600521991 /* StationChooserViewController.swift in Sources */,
				56F436871DE1AF9D00521991 /* AppData.swift in Sources */,
				56E96C0922BA4CB200511AC6 /* TFLCellNormal.swift in Sources */,
				56F4D6B61E0EDC050056BCC4 /* City.swift in Sources */,
				56CEC55422A998E700D9AFC2 /* TFLViewController.swift in Sources */,
			);
			runOnlyForDeploymentPostprocessing = 0;
		};
/* End PBXSourcesBuildPhase section */

/* Begin PBXTargetDependency section */
		5646568422A7DABB00AC5A97 /* PBXTargetDependency */ = {
			isa = PBXTargetDependency;
			name = Persistance;
			targetProxy = 5646568322A7DABB00AC5A97 /* PBXContainerItemProxy */;
		};
/* End PBXTargetDependency section */

/* Begin PBXVariantGroup section */
		56647FAB1DDE54A7004C4CE4 /* Main~iPhone.storyboard */ = {
			isa = PBXVariantGroup;
			children = (
				56647FAC1DDE54A7004C4CE4 /* Base */,
			);
			name = "Main~iPhone.storyboard";
			path = ../Helper;
			sourceTree = "<group>";
		};
		56A1AD1E1DDC54840014047B /* Main~iPad.storyboard */ = {
			isa = PBXVariantGroup;
			children = (
				56A1AD1F1DDC54840014047B /* Base */,
			);
			name = "Main~iPad.storyboard";
			sourceTree = "<group>";
		};
		56A1AD231DDC54840014047B /* LaunchScreen.storyboard */ = {
			isa = PBXVariantGroup;
			children = (
				56A1AD241DDC54840014047B /* Base */,
			);
			name = LaunchScreen.storyboard;
			sourceTree = "<group>";
		};
/* End PBXVariantGroup section */

/* Begin XCBuildConfiguration section */
		56A1AD271DDC54840014047B /* Debug */ = {
			isa = XCBuildConfiguration;
			buildSettings = {
				ALWAYS_SEARCH_USER_PATHS = NO;
				CLANG_ANALYZER_LOCALIZABILITY_NONLOCALIZED = YES;
				CLANG_ANALYZER_NONNULL = YES;
				CLANG_CXX_LANGUAGE_STANDARD = "gnu++0x";
				CLANG_CXX_LIBRARY = "libc++";
				CLANG_ENABLE_MODULES = YES;
				CLANG_ENABLE_OBJC_ARC = YES;
				CLANG_WARN_BLOCK_CAPTURE_AUTORELEASING = YES;
				CLANG_WARN_BOOL_CONVERSION = YES;
				CLANG_WARN_COMMA = YES;
				CLANG_WARN_CONSTANT_CONVERSION = YES;
				CLANG_WARN_DEPRECATED_OBJC_IMPLEMENTATIONS = YES;
				CLANG_WARN_DIRECT_OBJC_ISA_USAGE = YES_ERROR;
				CLANG_WARN_DOCUMENTATION_COMMENTS = YES;
				CLANG_WARN_EMPTY_BODY = YES;
				CLANG_WARN_ENUM_CONVERSION = YES;
				CLANG_WARN_INFINITE_RECURSION = YES;
				CLANG_WARN_INT_CONVERSION = YES;
				CLANG_WARN_NON_LITERAL_NULL_CONVERSION = YES;
				CLANG_WARN_OBJC_IMPLICIT_RETAIN_SELF = YES;
				CLANG_WARN_OBJC_LITERAL_CONVERSION = YES;
				CLANG_WARN_OBJC_ROOT_CLASS = YES_ERROR;
				CLANG_WARN_RANGE_LOOP_ANALYSIS = YES;
				CLANG_WARN_STRICT_PROTOTYPES = YES;
				CLANG_WARN_SUSPICIOUS_MOVE = YES;
				CLANG_WARN_SUSPICIOUS_MOVES = YES;
				CLANG_WARN_UNREACHABLE_CODE = YES;
				CLANG_WARN__DUPLICATE_METHOD_MATCH = YES;
				"CODE_SIGN_IDENTITY[sdk=iphoneos*]" = "iPhone Developer";
				COPY_PHASE_STRIP = NO;
				DEBUG_INFORMATION_FORMAT = dwarf;
				ENABLE_STRICT_OBJC_MSGSEND = YES;
				ENABLE_TESTABILITY = YES;
				GCC_C_LANGUAGE_STANDARD = gnu99;
				GCC_DYNAMIC_NO_PIC = NO;
				GCC_NO_COMMON_BLOCKS = YES;
				GCC_OPTIMIZATION_LEVEL = 0;
				GCC_PREPROCESSOR_DEFINITIONS = (
					"DEBUG=1",
					"$(inherited)",
				);
				GCC_WARN_64_TO_32_BIT_CONVERSION = YES;
				GCC_WARN_ABOUT_RETURN_TYPE = YES_ERROR;
				GCC_WARN_UNDECLARED_SELECTOR = YES;
				GCC_WARN_UNINITIALIZED_AUTOS = YES_AGGRESSIVE;
				GCC_WARN_UNUSED_FUNCTION = YES;
				GCC_WARN_UNUSED_VARIABLE = YES;
				IPHONEOS_DEPLOYMENT_TARGET = 13.0;
				MTL_ENABLE_DEBUG_INFO = YES;
				ONLY_ACTIVE_ARCH = YES;
				SDKROOT = iphoneos;
				SWIFT_ACTIVE_COMPILATION_CONDITIONS = DEBUG;
				SWIFT_OPTIMIZATION_LEVEL = "-Onone";
				TARGETED_DEVICE_FAMILY = 2;
			};
			name = Debug;
		};
		56A1AD281DDC54840014047B /* Release */ = {
			isa = XCBuildConfiguration;
			buildSettings = {
				ALWAYS_SEARCH_USER_PATHS = NO;
				CLANG_ANALYZER_LOCALIZABILITY_NONLOCALIZED = YES;
				CLANG_ANALYZER_NONNULL = YES;
				CLANG_CXX_LANGUAGE_STANDARD = "gnu++0x";
				CLANG_CXX_LIBRARY = "libc++";
				CLANG_ENABLE_MODULES = YES;
				CLANG_ENABLE_OBJC_ARC = YES;
				CLANG_WARN_BLOCK_CAPTURE_AUTORELEASING = YES;
				CLANG_WARN_BOOL_CONVERSION = YES;
				CLANG_WARN_COMMA = YES;
				CLANG_WARN_CONSTANT_CONVERSION = YES;
				CLANG_WARN_DEPRECATED_OBJC_IMPLEMENTATIONS = YES;
				CLANG_WARN_DIRECT_OBJC_ISA_USAGE = YES_ERROR;
				CLANG_WARN_DOCUMENTATION_COMMENTS = YES;
				CLANG_WARN_EMPTY_BODY = YES;
				CLANG_WARN_ENUM_CONVERSION = YES;
				CLANG_WARN_INFINITE_RECURSION = YES;
				CLANG_WARN_INT_CONVERSION = YES;
				CLANG_WARN_NON_LITERAL_NULL_CONVERSION = YES;
				CLANG_WARN_OBJC_IMPLICIT_RETAIN_SELF = YES;
				CLANG_WARN_OBJC_LITERAL_CONVERSION = YES;
				CLANG_WARN_OBJC_ROOT_CLASS = YES_ERROR;
				CLANG_WARN_RANGE_LOOP_ANALYSIS = YES;
				CLANG_WARN_STRICT_PROTOTYPES = YES;
				CLANG_WARN_SUSPICIOUS_MOVE = YES;
				CLANG_WARN_SUSPICIOUS_MOVES = YES;
				CLANG_WARN_UNREACHABLE_CODE = YES;
				CLANG_WARN__DUPLICATE_METHOD_MATCH = YES;
				"CODE_SIGN_IDENTITY[sdk=iphoneos*]" = "iPhone Developer";
				COPY_PHASE_STRIP = NO;
				DEBUG_INFORMATION_FORMAT = "dwarf-with-dsym";
				ENABLE_NS_ASSERTIONS = NO;
				ENABLE_STRICT_OBJC_MSGSEND = YES;
				GCC_C_LANGUAGE_STANDARD = gnu99;
				GCC_NO_COMMON_BLOCKS = YES;
				GCC_WARN_64_TO_32_BIT_CONVERSION = YES;
				GCC_WARN_ABOUT_RETURN_TYPE = YES_ERROR;
				GCC_WARN_UNDECLARED_SELECTOR = YES;
				GCC_WARN_UNINITIALIZED_AUTOS = YES_AGGRESSIVE;
				GCC_WARN_UNUSED_FUNCTION = YES;
				GCC_WARN_UNUSED_VARIABLE = YES;
				IPHONEOS_DEPLOYMENT_TARGET = 13.0;
				MTL_ENABLE_DEBUG_INFO = NO;
				SDKROOT = iphoneos;
				SWIFT_COMPILATION_MODE = wholemodule;
				SWIFT_OPTIMIZATION_LEVEL = "-O";
				TARGETED_DEVICE_FAMILY = 2;
				VALIDATE_PRODUCT = YES;
			};
			name = Release;
		};
		56A1AD2A1DDC54840014047B /* Debug */ = {
			isa = XCBuildConfiguration;
			buildSettings = {
				ASSETCATALOG_COMPILER_APPICON_NAME = AppIcon;
				CODE_SIGN_ENTITLEMENTS = MKHome/BOB.entitlements;
				DEVELOPMENT_TEAM = 3976UC954J;
				FRAMEWORK_SEARCH_PATHS = (
					"$(inherited)",
					"$(PROJECT_DIR)/Carthage/Build/iOS",
				);
				INFOPLIST_FILE = MKHome/Info.plist;
				IPHONEOS_DEPLOYMENT_TARGET = 13.0;
				LD_RUNPATH_SEARCH_PATHS = (
					"$(inherited)",
					"@executable_path/Frameworks",
				);
				PRODUCT_BUNDLE_IDENTIFIER = vu.charles.smartipad;
				PRODUCT_NAME = BOB;
				SWIFT_VERSION = 5.0;
				TARGETED_DEVICE_FAMILY = "1,2";
			};
			name = Debug;
		};
		56A1AD2B1DDC54840014047B /* Release */ = {
			isa = XCBuildConfiguration;
			buildSettings = {
				ASSETCATALOG_COMPILER_APPICON_NAME = AppIcon;
				CODE_SIGN_ENTITLEMENTS = MKHome/BOB.entitlements;
				DEVELOPMENT_TEAM = 3976UC954J;
				FRAMEWORK_SEARCH_PATHS = (
					"$(inherited)",
					"$(PROJECT_DIR)/Carthage/Build/iOS",
				);
				INFOPLIST_FILE = MKHome/Info.plist;
				IPHONEOS_DEPLOYMENT_TARGET = 13.0;
				LD_RUNPATH_SEARCH_PATHS = (
					"$(inherited)",
					"@executable_path/Frameworks",
				);
				PRODUCT_BUNDLE_IDENTIFIER = vu.charles.smartipad;
				PRODUCT_NAME = BOB;
				SWIFT_VERSION = 5.0;
				TARGETED_DEVICE_FAMILY = "1,2";
			};
			name = Release;
		};
/* End XCBuildConfiguration section */

/* Begin XCConfigurationList section */
		56A1AD121DDC54830014047B /* Build configuration list for PBXProject "MKHome" */ = {
			isa = XCConfigurationList;
			buildConfigurations = (
				56A1AD271DDC54840014047B /* Debug */,
				56A1AD281DDC54840014047B /* Release */,
			);
			defaultConfigurationIsVisible = 0;
			defaultConfigurationName = Release;
		};
		56A1AD291DDC54840014047B /* Build configuration list for PBXNativeTarget "MKHome" */ = {
			isa = XCConfigurationList;
			buildConfigurations = (
				56A1AD2A1DDC54840014047B /* Debug */,
				56A1AD2B1DDC54840014047B /* Release */,
			);
			defaultConfigurationIsVisible = 0;
			defaultConfigurationName = Release;
		};
/* End XCConfigurationList section */

/* Begin XCRemoteSwiftPackageReference section */
		566CBAAB22A7BEA4001E2847 /* XCRemoteSwiftPackageReference "Alamofire" */ = {
			isa = XCRemoteSwiftPackageReference;
			repositoryURL = "https://github.com/Alamofire/Alamofire";
			requirement = {
				kind = versionRange;
				maximumVersion = 6.0.0;
				minimumVersion = 4.8.2;
			};
		};
		566CBAAE22A7C14A001E2847 /* XCRemoteSwiftPackageReference "TFLSwaggerSwiftAPI" */ = {
			isa = XCRemoteSwiftPackageReference;
			repositoryURL = "https://github.com/CharlesVu/TFLSwaggerSwiftAPI";
			requirement = {
				branch = feature/ios13;
				kind = branch;
			};
		};
		56FB54B622A681120023964C /* XCRemoteSwiftPackageReference "HuxleySwift" */ = {
			isa = XCRemoteSwiftPackageReference;
			repositoryURL = "git@github.com:CharlesVu/HuxleySwift.git";
			requirement = {
				branch = master;
				kind = branch;
			};
		};
/* End XCRemoteSwiftPackageReference section */

/* Begin XCSwiftPackageProductDependency section */
		566CBAAC22A7BEA4001E2847 /* Alamofire */ = {
			isa = XCSwiftPackageProductDependency;
			package = 566CBAAB22A7BEA4001E2847 /* XCRemoteSwiftPackageReference "Alamofire" */;
			productName = Alamofire;
		};
		56CEC53F22A95FB300D9AFC2 /* TFLApiModels */ = {
			isa = XCSwiftPackageProductDependency;
			package = 566CBAAE22A7C14A001E2847 /* XCRemoteSwiftPackageReference "TFLSwaggerSwiftAPI" */;
			productName = TFLApiModels;
		};
		56FB54B722A681120023964C /* HuxleySwift */ = {
			isa = XCSwiftPackageProductDependency;
			package = 56FB54B622A681120023964C /* XCRemoteSwiftPackageReference "HuxleySwift" */;
			productName = HuxleySwift;
		};
/* End XCSwiftPackageProductDependency section */
	};
	rootObject = 56A1AD0F1DDC54830014047B /* Project object */;
}
